// !$*UTF8*$!
{
	archiveVersion = 1;
	classes = {
	};
	objectVersion = 46;
	objects = {

/* Begin PBXBuildFile section */
		4A3D4367B92555C186D5210A /* libPods.a in Frameworks */ = {isa = PBXBuildFile; fileRef = F7F3BFD729C322E28AD1E5BB /* libPods.a */; };
		4C1D8AA41C2289EB00606E19 /* JsenProgressHUD.m in Sources */ = {isa = PBXBuildFile; fileRef = 4C1D8AA31C2289EB00606E19 /* JsenProgressHUD.m */; };
		4C411B361C22C6FD0017870C /* error@2x.png in Resources */ = {isa = PBXBuildFile; fileRef = 4C411B341C22C6FD0017870C /* error@2x.png */; };
		4C411B371C22C6FD0017870C /* success@2x.png in Resources */ = {isa = PBXBuildFile; fileRef = 4C411B351C22C6FD0017870C /* success@2x.png */; };
		4C4FF8591C3A0FEE004979A3 /* JsenJumpView.m in Sources */ = {isa = PBXBuildFile; fileRef = 4C4FF8581C3A0FEE004979A3 /* JsenJumpView.m */; };
		4C531FD81CB63F6500406387 /* JsenRequestParamsModel.m in Sources */ = {isa = PBXBuildFile; fileRef = 4C531FD71CB63F6500406387 /* JsenRequestParamsModel.m */; };
		4C531FDB1CB6476300406387 /* JsenRequestParamsModelManager.m in Sources */ = {isa = PBXBuildFile; fileRef = 4C531FDA1CB6476300406387 /* JsenRequestParamsModelManager.m */; };
		4C531FDE1CB6571A00406387 /* JsenRequestResponseSelectors.m in Sources */ = {isa = PBXBuildFile; fileRef = 4C531FDD1CB6571A00406387 /* JsenRequestResponseSelectors.m */; };
		4C531FE11CB6581C00406387 /* JsenRequestClient.m in Sources */ = {isa = PBXBuildFile; fileRef = 4C531FE01CB6581C00406387 /* JsenRequestClient.m */; };
		4C560C531C25685800704287 /* jsen_titleview_placeholder.png in Resources */ = {isa = PBXBuildFile; fileRef = 4C560C521C25685800704287 /* jsen_titleview_placeholder.png */; };
		4C5672D41C1FBACE00ABDAAA /* main.m in Sources */ = {isa = PBXBuildFile; fileRef = 4C5672D31C1FBACE00ABDAAA /* main.m */; };
		4C5672D71C1FBACE00ABDAAA /* AppDelegate.m in Sources */ = {isa = PBXBuildFile; fileRef = 4C5672D61C1FBACE00ABDAAA /* AppDelegate.m */; };
		4C5672DA1C1FBACE00ABDAAA /* ViewController.m in Sources */ = {isa = PBXBuildFile; fileRef = 4C5672D91C1FBACE00ABDAAA /* ViewController.m */; };
		4C5672DD1C1FBACE00ABDAAA /* Main.storyboard in Resources */ = {isa = PBXBuildFile; fileRef = 4C5672DB1C1FBACE00ABDAAA /* Main.storyboard */; };
		4C5672DF1C1FBACE00ABDAAA /* Assets.xcassets in Resources */ = {isa = PBXBuildFile; fileRef = 4C5672DE1C1FBACE00ABDAAA /* Assets.xcassets */; };
		4C5672E21C1FBACE00ABDAAA /* LaunchScreen.storyboard in Resources */ = {isa = PBXBuildFile; fileRef = 4C5672E01C1FBACE00ABDAAA /* LaunchScreen.storyboard */; };
		4C5672ED1C1FBACE00ABDAAA /* JsenProjectEncapsulationTests.m in Sources */ = {isa = PBXBuildFile; fileRef = 4C5672EC1C1FBACE00ABDAAA /* JsenProjectEncapsulationTests.m */; };
		4C5672F81C1FBACE00ABDAAA /* JsenProjectEncapsulationUITests.m in Sources */ = {isa = PBXBuildFile; fileRef = 4C5672F71C1FBACE00ABDAAA /* JsenProjectEncapsulationUITests.m */; };
		4C56734D1C1FBB4900ABDAAA /* JsenHomeViewController.m in Sources */ = {isa = PBXBuildFile; fileRef = 4C5673081C1FBB4900ABDAAA /* JsenHomeViewController.m */; };
		4C56734E1C1FBB4900ABDAAA /* JsenFriendViewController.m in Sources */ = {isa = PBXBuildFile; fileRef = 4C56730B1C1FBB4900ABDAAA /* JsenFriendViewController.m */; };
		4C56734F1C1FBB4900ABDAAA /* JsenFoundViewController.m in Sources */ = {isa = PBXBuildFile; fileRef = 4C56730E1C1FBB4900ABDAAA /* JsenFoundViewController.m */; };
		4C5673501C1FBB4900ABDAAA /* JsenSettingViewController.m in Sources */ = {isa = PBXBuildFile; fileRef = 4C5673111C1FBB4900ABDAAA /* JsenSettingViewController.m */; };
		4C5673511C1FBB4900ABDAAA /* NSDictionary+Expansion.m in Sources */ = {isa = PBXBuildFile; fileRef = 4C56731D1C1FBB4900ABDAAA /* NSDictionary+Expansion.m */; };
		4C5673521C1FBB4900ABDAAA /* JsenCustomTabBarView.m in Sources */ = {isa = PBXBuildFile; fileRef = 4C5673211C1FBB4900ABDAAA /* JsenCustomTabBarView.m */; };
		4C5673531C1FBB4900ABDAAA /* JsenTabBarController.m in Sources */ = {isa = PBXBuildFile; fileRef = 4C5673231C1FBB4900ABDAAA /* JsenTabBarController.m */; };
		4C5673541C1FBB4900ABDAAA /* JsenTabBarControllerMgr.m in Sources */ = {isa = PBXBuildFile; fileRef = 4C5673251C1FBB4900ABDAAA /* JsenTabBarControllerMgr.m */; };
		4C5673551C1FBB4900ABDAAA /* JsenTabBarItem.m in Sources */ = {isa = PBXBuildFile; fileRef = 4C5673271C1FBB4900ABDAAA /* JsenTabBarItem.m */; };
		4C5673561C1FBB4900ABDAAA /* JsenTabBarItemAttribute.m in Sources */ = {isa = PBXBuildFile; fileRef = 4C5673291C1FBB4900ABDAAA /* JsenTabBarItemAttribute.m */; };
		4C5673571C1FBB4900ABDAAA /* JsenTabBarItemMgr.m in Sources */ = {isa = PBXBuildFile; fileRef = 4C56732B1C1FBB4900ABDAAA /* JsenTabBarItemMgr.m */; };
		4C5673581C1FBB4900ABDAAA /* JsenBaseModel.m in Sources */ = {isa = PBXBuildFile; fileRef = 4C5673301C1FBB4900ABDAAA /* JsenBaseModel.m */; };
		4C5673591C1FBB4900ABDAAA /* JsenBaseView.m in Sources */ = {isa = PBXBuildFile; fileRef = 4C5673321C1FBB4900ABDAAA /* JsenBaseView.m */; };
		4C56735A1C1FBB4900ABDAAA /* JsenBaseViewController.m in Sources */ = {isa = PBXBuildFile; fileRef = 4C5673341C1FBB4900ABDAAA /* JsenBaseViewController.m */; };
		4C56735C1C1FBB4900ABDAAA /* JsenNetworkMonitor.m in Sources */ = {isa = PBXBuildFile; fileRef = 4C5673391C1FBB4900ABDAAA /* JsenNetworkMonitor.m */; };
		4C56735D1C1FBB4900ABDAAA /* JsenRequest.m in Sources */ = {isa = PBXBuildFile; fileRef = 4C56733B1C1FBB4900ABDAAA /* JsenRequest.m */; };
		4C56735E1C1FBB4900ABDAAA /* JsenRequestResponseFailure.m in Sources */ = {isa = PBXBuildFile; fileRef = 4C56733E1C1FBB4900ABDAAA /* JsenRequestResponseFailure.m */; };
		4C56735F1C1FBB4900ABDAAA /* JsenRequestResponseSuccess.m in Sources */ = {isa = PBXBuildFile; fileRef = 4C5673401C1FBB4900ABDAAA /* JsenRequestResponseSuccess.m */; };
		4C5673601C1FBB4900ABDAAA /* Reachability.m in Sources */ = {isa = PBXBuildFile; fileRef = 4C5673421C1FBB4900ABDAAA /* Reachability.m */; };
		4C5673611C1FBB4900ABDAAA /* JsenValidationKit.m in Sources */ = {isa = PBXBuildFile; fileRef = 4C5673451C1FBB4900ABDAAA /* JsenValidationKit.m */; };
		4C5673621C1FBB4900ABDAAA /* img_avatar.png in Resources */ = {isa = PBXBuildFile; fileRef = 4C5673481C1FBB4900ABDAAA /* img_avatar.png */; };
		4C5673631C1FBB4900ABDAAA /* JsenModel.m in Sources */ = {isa = PBXBuildFile; fileRef = 4C56734A1C1FBB4900ABDAAA /* JsenModel.m */; };
		4C5673641C1FBB4900ABDAAA /* JsenModel2.m in Sources */ = {isa = PBXBuildFile; fileRef = 4C56734C1C1FBB4900ABDAAA /* JsenModel2.m */; };
		4CB5F5031C3395C80020982D /* PingInvertTransition.m in Sources */ = {isa = PBXBuildFile; fileRef = 4CB5F5001C3395C80020982D /* PingInvertTransition.m */; };
		4CB5F5041C3395C80020982D /* PingTransition.m in Sources */ = {isa = PBXBuildFile; fileRef = 4CB5F5021C3395C80020982D /* PingTransition.m */; };
		4CB5F50A1C33B9C70020982D /* logo.png in Resources */ = {isa = PBXBuildFile; fileRef = 4CB5F5091C33B9C70020982D /* logo.png */; };
		4CC11D421C2078CB00F897D0 /* UINavigationBar+Expansion.m in Sources */ = {isa = PBXBuildFile; fileRef = 4CC11D411C2078CB00F897D0 /* UINavigationBar+Expansion.m */; };
		4CC11D461C2081FE00F897D0 /* JsenTitleView.m in Sources */ = {isa = PBXBuildFile; fileRef = 4CC11D451C2081FE00F897D0 /* JsenTitleView.m */; };
		4CC11D491C2083EE00F897D0 /* UIImage+Expansion.m in Sources */ = {isa = PBXBuildFile; fileRef = 4CC11D481C2083EE00F897D0 /* UIImage+Expansion.m */; };
		4CC11D4C1C21094A00F897D0 /* UINavigationItem+Expansion.m in Sources */ = {isa = PBXBuildFile; fileRef = 4CC11D4B1C21094A00F897D0 /* UINavigationItem+Expansion.m */; };
		4CC11D4F1C2118B700F897D0 /* NSString+Expansion.m in Sources */ = {isa = PBXBuildFile; fileRef = 4CC11D4E1C2118B700F897D0 /* NSString+Expansion.m */; };
		4CC11D521C21313600F897D0 /* JsenFrameKit.m in Sources */ = {isa = PBXBuildFile; fileRef = 4CC11D511C21313600F897D0 /* JsenFrameKit.m */; };
		4CC11D551C214C8600F897D0 /* JsenTitleViewAttribute.m in Sources */ = {isa = PBXBuildFile; fileRef = 4CC11D541C214C8600F897D0 /* JsenTitleViewAttribute.m */; };
		4CDEA6E91CB669CE003EB214 /* JsenLoginModel.m in Sources */ = {isa = PBXBuildFile; fileRef = 4CDEA6E81CB669CE003EB214 /* JsenLoginModel.m */; };
		4CDEA6EC1CB66B52003EB214 /* JsenMessageModel.m in Sources */ = {isa = PBXBuildFile; fileRef = 4CDEA6EB1CB66B52003EB214 /* JsenMessageModel.m */; };
		4CDEA6EF1CB66B77003EB214 /* JsenVariablesModel.m in Sources */ = {isa = PBXBuildFile; fileRef = 4CDEA6EE1CB66B77003EB214 /* JsenVariablesModel.m */; };
		4CF0AE6F1C3B987500FE1911 /* shadow.png in Resources */ = {isa = PBXBuildFile; fileRef = 4CF0AE6E1C3B987500FE1911 /* shadow.png */; };
		4CF0AE721C3BA9E100FE1911 /* praise.png in Resources */ = {isa = PBXBuildFile; fileRef = 4CF0AE701C3BA9E100FE1911 /* praise.png */; };
		4CF0AE731C3BA9E100FE1911 /* praised.png in Resources */ = {isa = PBXBuildFile; fileRef = 4CF0AE711C3BA9E100FE1911 /* praised.png */; };
		4CF0AE761C3BC00200FE1911 /* JsenPraiseViewController.m in Sources */ = {isa = PBXBuildFile; fileRef = 4CF0AE751C3BC00200FE1911 /* JsenPraiseViewController.m */; };
		4CF0AE791C3BD1BF00FE1911 /* JsenPraiseTableViewCell.m in Sources */ = {isa = PBXBuildFile; fileRef = 4CF0AE781C3BD1BF00FE1911 /* JsenPraiseTableViewCell.m */; };
/* End PBXBuildFile section */

/* Begin PBXContainerItemProxy section */
		4C5672E91C1FBACE00ABDAAA /* PBXContainerItemProxy */ = {
			isa = PBXContainerItemProxy;
			containerPortal = 4C5672C71C1FBACE00ABDAAA /* Project object */;
			proxyType = 1;
			remoteGlobalIDString = 4C5672CE1C1FBACE00ABDAAA;
			remoteInfo = JsenProjectEncapsulation;
		};
		4C5672F41C1FBACE00ABDAAA /* PBXContainerItemProxy */ = {
			isa = PBXContainerItemProxy;
			containerPortal = 4C5672C71C1FBACE00ABDAAA /* Project object */;
			proxyType = 1;
			remoteGlobalIDString = 4C5672CE1C1FBACE00ABDAAA;
			remoteInfo = JsenProjectEncapsulation;
		};
/* End PBXContainerItemProxy section */

/* Begin PBXFileReference section */
		151C27F90F5F898C4C24A50D /* Pods.release.xcconfig */ = {isa = PBXFileReference; includeInIndex = 1; lastKnownFileType = text.xcconfig; name = Pods.release.xcconfig; path = "Pods/Target Support Files/Pods/Pods.release.xcconfig"; sourceTree = "<group>"; };
		4C1D8AA21C2289EB00606E19 /* JsenProgressHUD.h */ = {isa = PBXFileReference; fileEncoding = 4; lastKnownFileType = sourcecode.c.h; path = JsenProgressHUD.h; sourceTree = "<group>"; };
		4C1D8AA31C2289EB00606E19 /* JsenProgressHUD.m */ = {isa = PBXFileReference; fileEncoding = 4; lastKnownFileType = sourcecode.c.objc; path = JsenProgressHUD.m; sourceTree = "<group>"; };
		4C3E66911C2026B600CDE5D9 /* JsenTabBarConfig.h */ = {isa = PBXFileReference; lastKnownFileType = sourcecode.c.h; path = JsenTabBarConfig.h; sourceTree = "<group>"; };
		4C411B341C22C6FD0017870C /* error@2x.png */ = {isa = PBXFileReference; lastKnownFileType = image.png; path = "error@2x.png"; sourceTree = "<group>"; };
		4C411B351C22C6FD0017870C /* success@2x.png */ = {isa = PBXFileReference; lastKnownFileType = image.png; path = "success@2x.png"; sourceTree = "<group>"; };
		4C4FF8571C3A0FEE004979A3 /* JsenJumpView.h */ = {isa = PBXFileReference; fileEncoding = 4; lastKnownFileType = sourcecode.c.h; path = JsenJumpView.h; sourceTree = "<group>"; };
		4C4FF8581C3A0FEE004979A3 /* JsenJumpView.m */ = {isa = PBXFileReference; fileEncoding = 4; lastKnownFileType = sourcecode.c.objc; path = JsenJumpView.m; sourceTree = "<group>"; };
		4C531FD61CB63F6500406387 /* JsenRequestParamsModel.h */ = {isa = PBXFileReference; fileEncoding = 4; lastKnownFileType = sourcecode.c.h; path = JsenRequestParamsModel.h; sourceTree = "<group>"; };
		4C531FD71CB63F6500406387 /* JsenRequestParamsModel.m */ = {isa = PBXFileReference; fileEncoding = 4; lastKnownFileType = sourcecode.c.objc; path = JsenRequestParamsModel.m; sourceTree = "<group>"; };
		4C531FD91CB6476300406387 /* JsenRequestParamsModelManager.h */ = {isa = PBXFileReference; fileEncoding = 4; lastKnownFileType = sourcecode.c.h; path = JsenRequestParamsModelManager.h; sourceTree = "<group>"; };
		4C531FDA1CB6476300406387 /* JsenRequestParamsModelManager.m */ = {isa = PBXFileReference; fileEncoding = 4; lastKnownFileType = sourcecode.c.objc; path = JsenRequestParamsModelManager.m; sourceTree = "<group>"; };
		4C531FDC1CB6571A00406387 /* JsenRequestResponseSelectors.h */ = {isa = PBXFileReference; fileEncoding = 4; lastKnownFileType = sourcecode.c.h; path = JsenRequestResponseSelectors.h; sourceTree = "<group>"; };
		4C531FDD1CB6571A00406387 /* JsenRequestResponseSelectors.m */ = {isa = PBXFileReference; fileEncoding = 4; lastKnownFileType = sourcecode.c.objc; path = JsenRequestResponseSelectors.m; sourceTree = "<group>"; };
		4C531FDF1CB6581C00406387 /* JsenRequestClient.h */ = {isa = PBXFileReference; fileEncoding = 4; lastKnownFileType = sourcecode.c.h; path = JsenRequestClient.h; sourceTree = "<group>"; };
		4C531FE01CB6581C00406387 /* JsenRequestClient.m */ = {isa = PBXFileReference; fileEncoding = 4; lastKnownFileType = sourcecode.c.objc; path = JsenRequestClient.m; sourceTree = "<group>"; };
		4C560C521C25685800704287 /* jsen_titleview_placeholder.png */ = {isa = PBXFileReference; lastKnownFileType = image.png; path = jsen_titleview_placeholder.png; sourceTree = "<group>"; };
		4C5672CF1C1FBACE00ABDAAA /* JsenProjectEncapsulation.app */ = {isa = PBXFileReference; explicitFileType = wrapper.application; includeInIndex = 0; path = JsenProjectEncapsulation.app; sourceTree = BUILT_PRODUCTS_DIR; };
		4C5672D31C1FBACE00ABDAAA /* main.m */ = {isa = PBXFileReference; lastKnownFileType = sourcecode.c.objc; path = main.m; sourceTree = "<group>"; };
		4C5672D51C1FBACE00ABDAAA /* AppDelegate.h */ = {isa = PBXFileReference; lastKnownFileType = sourcecode.c.h; path = AppDelegate.h; sourceTree = "<group>"; };
		4C5672D61C1FBACE00ABDAAA /* AppDelegate.m */ = {isa = PBXFileReference; lastKnownFileType = sourcecode.c.objc; path = AppDelegate.m; sourceTree = "<group>"; };
		4C5672D81C1FBACE00ABDAAA /* ViewController.h */ = {isa = PBXFileReference; lastKnownFileType = sourcecode.c.h; path = ViewController.h; sourceTree = "<group>"; };
		4C5672D91C1FBACE00ABDAAA /* ViewController.m */ = {isa = PBXFileReference; lastKnownFileType = sourcecode.c.objc; path = ViewController.m; sourceTree = "<group>"; };
		4C5672DC1C1FBACE00ABDAAA /* Base */ = {isa = PBXFileReference; lastKnownFileType = file.storyboard; name = Base; path = Base.lproj/Main.storyboard; sourceTree = "<group>"; };
		4C5672DE1C1FBACE00ABDAAA /* Assets.xcassets */ = {isa = PBXFileReference; lastKnownFileType = folder.assetcatalog; path = Assets.xcassets; sourceTree = "<group>"; };
		4C5672E11C1FBACE00ABDAAA /* Base */ = {isa = PBXFileReference; lastKnownFileType = file.storyboard; name = Base; path = Base.lproj/LaunchScreen.storyboard; sourceTree = "<group>"; };
		4C5672E31C1FBACE00ABDAAA /* Info.plist */ = {isa = PBXFileReference; lastKnownFileType = text.plist.xml; path = Info.plist; sourceTree = "<group>"; };
		4C5672E81C1FBACE00ABDAAA /* JsenProjectEncapsulationTests.xctest */ = {isa = PBXFileReference; explicitFileType = wrapper.cfbundle; includeInIndex = 0; path = JsenProjectEncapsulationTests.xctest; sourceTree = BUILT_PRODUCTS_DIR; };
		4C5672EC1C1FBACE00ABDAAA /* JsenProjectEncapsulationTests.m */ = {isa = PBXFileReference; lastKnownFileType = sourcecode.c.objc; path = JsenProjectEncapsulationTests.m; sourceTree = "<group>"; };
		4C5672EE1C1FBACE00ABDAAA /* Info.plist */ = {isa = PBXFileReference; lastKnownFileType = text.plist.xml; path = Info.plist; sourceTree = "<group>"; };
		4C5672F31C1FBACE00ABDAAA /* JsenProjectEncapsulationUITests.xctest */ = {isa = PBXFileReference; explicitFileType = wrapper.cfbundle; includeInIndex = 0; path = JsenProjectEncapsulationUITests.xctest; sourceTree = BUILT_PRODUCTS_DIR; };
		4C5672F71C1FBACE00ABDAAA /* JsenProjectEncapsulationUITests.m */ = {isa = PBXFileReference; lastKnownFileType = sourcecode.c.objc; path = JsenProjectEncapsulationUITests.m; sourceTree = "<group>"; };
		4C5672F91C1FBACE00ABDAAA /* Info.plist */ = {isa = PBXFileReference; lastKnownFileType = text.plist.xml; path = Info.plist; sourceTree = "<group>"; };
		4C5673071C1FBB4900ABDAAA /* JsenHomeViewController.h */ = {isa = PBXFileReference; fileEncoding = 4; lastKnownFileType = sourcecode.c.h; path = JsenHomeViewController.h; sourceTree = "<group>"; };
		4C5673081C1FBB4900ABDAAA /* JsenHomeViewController.m */ = {isa = PBXFileReference; fileEncoding = 4; lastKnownFileType = sourcecode.c.objc; path = JsenHomeViewController.m; sourceTree = "<group>"; };
		4C56730A1C1FBB4900ABDAAA /* JsenFriendViewController.h */ = {isa = PBXFileReference; fileEncoding = 4; lastKnownFileType = sourcecode.c.h; path = JsenFriendViewController.h; sourceTree = "<group>"; };
		4C56730B1C1FBB4900ABDAAA /* JsenFriendViewController.m */ = {isa = PBXFileReference; fileEncoding = 4; lastKnownFileType = sourcecode.c.objc; path = JsenFriendViewController.m; sourceTree = "<group>"; };
		4C56730D1C1FBB4900ABDAAA /* JsenFoundViewController.h */ = {isa = PBXFileReference; fileEncoding = 4; lastKnownFileType = sourcecode.c.h; path = JsenFoundViewController.h; sourceTree = "<group>"; };
		4C56730E1C1FBB4900ABDAAA /* JsenFoundViewController.m */ = {isa = PBXFileReference; fileEncoding = 4; lastKnownFileType = sourcecode.c.objc; path = JsenFoundViewController.m; sourceTree = "<group>"; };
		4C5673101C1FBB4900ABDAAA /* JsenSettingViewController.h */ = {isa = PBXFileReference; fileEncoding = 4; lastKnownFileType = sourcecode.c.h; path = JsenSettingViewController.h; sourceTree = "<group>"; };
		4C5673111C1FBB4900ABDAAA /* JsenSettingViewController.m */ = {isa = PBXFileReference; fileEncoding = 4; lastKnownFileType = sourcecode.c.objc; path = JsenSettingViewController.m; sourceTree = "<group>"; };
		4C5673141C1FBB4900ABDAAA /* JsenAddition.h */ = {isa = PBXFileReference; fileEncoding = 4; lastKnownFileType = sourcecode.c.h; path = JsenAddition.h; sourceTree = "<group>"; };
		4C5673161C1FBB4900ABDAAA /* AppConfig.pch */ = {isa = PBXFileReference; fileEncoding = 4; lastKnownFileType = sourcecode.c.h; path = AppConfig.pch; sourceTree = "<group>"; };
		4C5673171C1FBB4900ABDAAA /* Common.h */ = {isa = PBXFileReference; fileEncoding = 4; lastKnownFileType = sourcecode.c.h; path = Common.h; sourceTree = "<group>"; };
		4C5673181C1FBB4900ABDAAA /* Fonts.h */ = {isa = PBXFileReference; fileEncoding = 4; lastKnownFileType = sourcecode.c.h; path = Fonts.h; sourceTree = "<group>"; };
		4C5673191C1FBB4900ABDAAA /* JsenAppConfig.h */ = {isa = PBXFileReference; fileEncoding = 4; lastKnownFileType = sourcecode.c.h; path = JsenAppConfig.h; sourceTree = "<group>"; };
		4C56731A1C1FBB4900ABDAAA /* Services.h */ = {isa = PBXFileReference; fileEncoding = 4; lastKnownFileType = sourcecode.c.h; path = Services.h; sourceTree = "<group>"; };
		4C56731C1C1FBB4900ABDAAA /* NSDictionary+Expansion.h */ = {isa = PBXFileReference; fileEncoding = 4; lastKnownFileType = sourcecode.c.h; path = "NSDictionary+Expansion.h"; sourceTree = "<group>"; };
		4C56731D1C1FBB4900ABDAAA /* NSDictionary+Expansion.m */ = {isa = PBXFileReference; fileEncoding = 4; lastKnownFileType = sourcecode.c.objc; path = "NSDictionary+Expansion.m"; sourceTree = "<group>"; };
		4C5673201C1FBB4900ABDAAA /* JsenCustomTabBarView.h */ = {isa = PBXFileReference; fileEncoding = 4; lastKnownFileType = sourcecode.c.h; path = JsenCustomTabBarView.h; sourceTree = "<group>"; };
		4C5673211C1FBB4900ABDAAA /* JsenCustomTabBarView.m */ = {isa = PBXFileReference; fileEncoding = 4; lastKnownFileType = sourcecode.c.objc; path = JsenCustomTabBarView.m; sourceTree = "<group>"; };
		4C5673221C1FBB4900ABDAAA /* JsenTabBarController.h */ = {isa = PBXFileReference; fileEncoding = 4; lastKnownFileType = sourcecode.c.h; path = JsenTabBarController.h; sourceTree = "<group>"; };
		4C5673231C1FBB4900ABDAAA /* JsenTabBarController.m */ = {isa = PBXFileReference; fileEncoding = 4; lastKnownFileType = sourcecode.c.objc; path = JsenTabBarController.m; sourceTree = "<group>"; };
		4C5673241C1FBB4900ABDAAA /* JsenTabBarControllerMgr.h */ = {isa = PBXFileReference; fileEncoding = 4; lastKnownFileType = sourcecode.c.h; path = JsenTabBarControllerMgr.h; sourceTree = "<group>"; };
		4C5673251C1FBB4900ABDAAA /* JsenTabBarControllerMgr.m */ = {isa = PBXFileReference; fileEncoding = 4; lastKnownFileType = sourcecode.c.objc; path = JsenTabBarControllerMgr.m; sourceTree = "<group>"; };
		4C5673261C1FBB4900ABDAAA /* JsenTabBarItem.h */ = {isa = PBXFileReference; fileEncoding = 4; lastKnownFileType = sourcecode.c.h; path = JsenTabBarItem.h; sourceTree = "<group>"; };
		4C5673271C1FBB4900ABDAAA /* JsenTabBarItem.m */ = {isa = PBXFileReference; fileEncoding = 4; lastKnownFileType = sourcecode.c.objc; path = JsenTabBarItem.m; sourceTree = "<group>"; };
		4C5673281C1FBB4900ABDAAA /* JsenTabBarItemAttribute.h */ = {isa = PBXFileReference; fileEncoding = 4; lastKnownFileType = sourcecode.c.h; path = JsenTabBarItemAttribute.h; sourceTree = "<group>"; };
		4C5673291C1FBB4900ABDAAA /* JsenTabBarItemAttribute.m */ = {isa = PBXFileReference; fileEncoding = 4; lastKnownFileType = sourcecode.c.objc; path = JsenTabBarItemAttribute.m; sourceTree = "<group>"; };
		4C56732A1C1FBB4900ABDAAA /* JsenTabBarItemMgr.h */ = {isa = PBXFileReference; fileEncoding = 4; lastKnownFileType = sourcecode.c.h; path = JsenTabBarItemMgr.h; sourceTree = "<group>"; };
		4C56732B1C1FBB4900ABDAAA /* JsenTabBarItemMgr.m */ = {isa = PBXFileReference; fileEncoding = 4; lastKnownFileType = sourcecode.c.objc; path = JsenTabBarItemMgr.m; sourceTree = "<group>"; };
		4C56732D1C1FBB4900ABDAAA /* JsenLog.h */ = {isa = PBXFileReference; fileEncoding = 4; lastKnownFileType = sourcecode.c.h; path = JsenLog.h; sourceTree = "<group>"; };
		4C56732F1C1FBB4900ABDAAA /* JsenBaseModel.h */ = {isa = PBXFileReference; fileEncoding = 4; lastKnownFileType = sourcecode.c.h; path = JsenBaseModel.h; sourceTree = "<group>"; };
		4C5673301C1FBB4900ABDAAA /* JsenBaseModel.m */ = {isa = PBXFileReference; fileEncoding = 4; lastKnownFileType = sourcecode.c.objc; path = JsenBaseModel.m; sourceTree = "<group>"; };
		4C5673311C1FBB4900ABDAAA /* JsenBaseView.h */ = {isa = PBXFileReference; fileEncoding = 4; lastKnownFileType = sourcecode.c.h; path = JsenBaseView.h; sourceTree = "<group>"; };
		4C5673321C1FBB4900ABDAAA /* JsenBaseView.m */ = {isa = PBXFileReference; fileEncoding = 4; lastKnownFileType = sourcecode.c.objc; path = JsenBaseView.m; sourceTree = "<group>"; };
		4C5673331C1FBB4900ABDAAA /* JsenBaseViewController.h */ = {isa = PBXFileReference; fileEncoding = 4; lastKnownFileType = sourcecode.c.h; path = JsenBaseViewController.h; sourceTree = "<group>"; };
		4C5673341C1FBB4900ABDAAA /* JsenBaseViewController.m */ = {isa = PBXFileReference; fileEncoding = 4; lastKnownFileType = sourcecode.c.objc; path = JsenBaseViewController.m; sourceTree = "<group>"; };
		4C5673381C1FBB4900ABDAAA /* JsenNetworkMonitor.h */ = {isa = PBXFileReference; fileEncoding = 4; lastKnownFileType = sourcecode.c.h; path = JsenNetworkMonitor.h; sourceTree = "<group>"; };
		4C5673391C1FBB4900ABDAAA /* JsenNetworkMonitor.m */ = {isa = PBXFileReference; fileEncoding = 4; lastKnownFileType = sourcecode.c.objc; path = JsenNetworkMonitor.m; sourceTree = "<group>"; };
		4C56733A1C1FBB4900ABDAAA /* JsenRequest.h */ = {isa = PBXFileReference; fileEncoding = 4; lastKnownFileType = sourcecode.c.h; path = JsenRequest.h; sourceTree = "<group>"; };
		4C56733B1C1FBB4900ABDAAA /* JsenRequest.m */ = {isa = PBXFileReference; fileEncoding = 4; lastKnownFileType = sourcecode.c.objc; path = JsenRequest.m; sourceTree = "<group>"; };
		4C56733C1C1FBB4900ABDAAA /* JsenRequestProtocol.h */ = {isa = PBXFileReference; fileEncoding = 4; lastKnownFileType = sourcecode.c.h; path = JsenRequestProtocol.h; sourceTree = "<group>"; };
		4C56733D1C1FBB4900ABDAAA /* JsenRequestResponseFailure.h */ = {isa = PBXFileReference; fileEncoding = 4; lastKnownFileType = sourcecode.c.h; path = JsenRequestResponseFailure.h; sourceTree = "<group>"; };
		4C56733E1C1FBB4900ABDAAA /* JsenRequestResponseFailure.m */ = {isa = PBXFileReference; fileEncoding = 4; lastKnownFileType = sourcecode.c.objc; path = JsenRequestResponseFailure.m; sourceTree = "<group>"; };
		4C56733F1C1FBB4900ABDAAA /* JsenRequestResponseSuccess.h */ = {isa = PBXFileReference; fileEncoding = 4; lastKnownFileType = sourcecode.c.h; path = JsenRequestResponseSuccess.h; sourceTree = "<group>"; };
		4C5673401C1FBB4900ABDAAA /* JsenRequestResponseSuccess.m */ = {isa = PBXFileReference; fileEncoding = 4; lastKnownFileType = sourcecode.c.objc; path = JsenRequestResponseSuccess.m; sourceTree = "<group>"; };
		4C5673411C1FBB4900ABDAAA /* Reachability.h */ = {isa = PBXFileReference; fileEncoding = 4; lastKnownFileType = sourcecode.c.h; path = Reachability.h; sourceTree = "<group>"; };
		4C5673421C1FBB4900ABDAAA /* Reachability.m */ = {isa = PBXFileReference; fileEncoding = 4; lastKnownFileType = sourcecode.c.objc; path = Reachability.m; sourceTree = "<group>"; };
		4C5673441C1FBB4900ABDAAA /* JsenValidationKit.h */ = {isa = PBXFileReference; fileEncoding = 4; lastKnownFileType = sourcecode.c.h; path = JsenValidationKit.h; sourceTree = "<group>"; };
		4C5673451C1FBB4900ABDAAA /* JsenValidationKit.m */ = {isa = PBXFileReference; fileEncoding = 4; lastKnownFileType = sourcecode.c.objc; path = JsenValidationKit.m; sourceTree = "<group>"; };
		4C5673481C1FBB4900ABDAAA /* img_avatar.png */ = {isa = PBXFileReference; lastKnownFileType = image.png; path = img_avatar.png; sourceTree = "<group>"; };
		4C5673491C1FBB4900ABDAAA /* JsenModel.h */ = {isa = PBXFileReference; fileEncoding = 4; lastKnownFileType = sourcecode.c.h; path = JsenModel.h; sourceTree = "<group>"; };
		4C56734A1C1FBB4900ABDAAA /* JsenModel.m */ = {isa = PBXFileReference; fileEncoding = 4; lastKnownFileType = sourcecode.c.objc; path = JsenModel.m; sourceTree = "<group>"; };
		4C56734B1C1FBB4900ABDAAA /* JsenModel2.h */ = {isa = PBXFileReference; fileEncoding = 4; lastKnownFileType = sourcecode.c.h; path = JsenModel2.h; sourceTree = "<group>"; };
		4C56734C1C1FBB4900ABDAAA /* JsenModel2.m */ = {isa = PBXFileReference; fileEncoding = 4; lastKnownFileType = sourcecode.c.objc; path = JsenModel2.m; sourceTree = "<group>"; };
		4CB5F4FF1C3395C80020982D /* PingInvertTransition.h */ = {isa = PBXFileReference; fileEncoding = 4; lastKnownFileType = sourcecode.c.h; path = PingInvertTransition.h; sourceTree = "<group>"; };
		4CB5F5001C3395C80020982D /* PingInvertTransition.m */ = {isa = PBXFileReference; fileEncoding = 4; lastKnownFileType = sourcecode.c.objc; path = PingInvertTransition.m; sourceTree = "<group>"; };
		4CB5F5011C3395C80020982D /* PingTransition.h */ = {isa = PBXFileReference; fileEncoding = 4; lastKnownFileType = sourcecode.c.h; path = PingTransition.h; sourceTree = "<group>"; };
		4CB5F5021C3395C80020982D /* PingTransition.m */ = {isa = PBXFileReference; fileEncoding = 4; lastKnownFileType = sourcecode.c.objc; path = PingTransition.m; sourceTree = "<group>"; };
		4CB5F5091C33B9C70020982D /* logo.png */ = {isa = PBXFileReference; lastKnownFileType = image.png; path = logo.png; sourceTree = "<group>"; };
		4CC11D401C2078CB00F897D0 /* UINavigationBar+Expansion.h */ = {isa = PBXFileReference; fileEncoding = 4; lastKnownFileType = sourcecode.c.h; path = "UINavigationBar+Expansion.h"; sourceTree = "<group>"; };
		4CC11D411C2078CB00F897D0 /* UINavigationBar+Expansion.m */ = {isa = PBXFileReference; fileEncoding = 4; lastKnownFileType = sourcecode.c.objc; path = "UINavigationBar+Expansion.m"; sourceTree = "<group>"; };
		4CC11D441C2081FE00F897D0 /* JsenTitleView.h */ = {isa = PBXFileReference; fileEncoding = 4; lastKnownFileType = sourcecode.c.h; path = JsenTitleView.h; sourceTree = "<group>"; };
		4CC11D451C2081FE00F897D0 /* JsenTitleView.m */ = {isa = PBXFileReference; fileEncoding = 4; lastKnownFileType = sourcecode.c.objc; path = JsenTitleView.m; sourceTree = "<group>"; };
		4CC11D471C2083EE00F897D0 /* UIImage+Expansion.h */ = {isa = PBXFileReference; fileEncoding = 4; lastKnownFileType = sourcecode.c.h; path = "UIImage+Expansion.h"; sourceTree = "<group>"; };
		4CC11D481C2083EE00F897D0 /* UIImage+Expansion.m */ = {isa = PBXFileReference; fileEncoding = 4; lastKnownFileType = sourcecode.c.objc; path = "UIImage+Expansion.m"; sourceTree = "<group>"; };
		4CC11D4A1C21094A00F897D0 /* UINavigationItem+Expansion.h */ = {isa = PBXFileReference; fileEncoding = 4; lastKnownFileType = sourcecode.c.h; path = "UINavigationItem+Expansion.h"; sourceTree = "<group>"; };
		4CC11D4B1C21094A00F897D0 /* UINavigationItem+Expansion.m */ = {isa = PBXFileReference; fileEncoding = 4; lastKnownFileType = sourcecode.c.objc; path = "UINavigationItem+Expansion.m"; sourceTree = "<group>"; };
		4CC11D4D1C2118B700F897D0 /* NSString+Expansion.h */ = {isa = PBXFileReference; fileEncoding = 4; lastKnownFileType = sourcecode.c.h; path = "NSString+Expansion.h"; sourceTree = "<group>"; };
		4CC11D4E1C2118B700F897D0 /* NSString+Expansion.m */ = {isa = PBXFileReference; fileEncoding = 4; lastKnownFileType = sourcecode.c.objc; path = "NSString+Expansion.m"; sourceTree = "<group>"; };
		4CC11D501C21313600F897D0 /* JsenFrameKit.h */ = {isa = PBXFileReference; fileEncoding = 4; lastKnownFileType = sourcecode.c.h; path = JsenFrameKit.h; sourceTree = "<group>"; };
		4CC11D511C21313600F897D0 /* JsenFrameKit.m */ = {isa = PBXFileReference; fileEncoding = 4; lastKnownFileType = sourcecode.c.objc; path = JsenFrameKit.m; sourceTree = "<group>"; };
		4CC11D531C214C8600F897D0 /* JsenTitleViewAttribute.h */ = {isa = PBXFileReference; fileEncoding = 4; lastKnownFileType = sourcecode.c.h; path = JsenTitleViewAttribute.h; sourceTree = "<group>"; };
		4CC11D541C214C8600F897D0 /* JsenTitleViewAttribute.m */ = {isa = PBXFileReference; fileEncoding = 4; lastKnownFileType = sourcecode.c.objc; path = JsenTitleViewAttribute.m; sourceTree = "<group>"; };
		4CDEA6E71CB669CE003EB214 /* JsenLoginModel.h */ = {isa = PBXFileReference; fileEncoding = 4; lastKnownFileType = sourcecode.c.h; path = JsenLoginModel.h; sourceTree = "<group>"; };
		4CDEA6E81CB669CE003EB214 /* JsenLoginModel.m */ = {isa = PBXFileReference; fileEncoding = 4; lastKnownFileType = sourcecode.c.objc; path = JsenLoginModel.m; sourceTree = "<group>"; };
		4CDEA6EA1CB66B52003EB214 /* JsenMessageModel.h */ = {isa = PBXFileReference; fileEncoding = 4; lastKnownFileType = sourcecode.c.h; path = JsenMessageModel.h; sourceTree = "<group>"; };
		4CDEA6EB1CB66B52003EB214 /* JsenMessageModel.m */ = {isa = PBXFileReference; fileEncoding = 4; lastKnownFileType = sourcecode.c.objc; path = JsenMessageModel.m; sourceTree = "<group>"; };
		4CDEA6ED1CB66B77003EB214 /* JsenVariablesModel.h */ = {isa = PBXFileReference; fileEncoding = 4; lastKnownFileType = sourcecode.c.h; path = JsenVariablesModel.h; sourceTree = "<group>"; };
		4CDEA6EE1CB66B77003EB214 /* JsenVariablesModel.m */ = {isa = PBXFileReference; fileEncoding = 4; lastKnownFileType = sourcecode.c.objc; path = JsenVariablesModel.m; sourceTree = "<group>"; };
		4CF0AE6E1C3B987500FE1911 /* shadow.png */ = {isa = PBXFileReference; lastKnownFileType = image.png; path = shadow.png; sourceTree = "<group>"; };
		4CF0AE701C3BA9E100FE1911 /* praise.png */ = {isa = PBXFileReference; lastKnownFileType = image.png; path = praise.png; sourceTree = "<group>"; };
		4CF0AE711C3BA9E100FE1911 /* praised.png */ = {isa = PBXFileReference; lastKnownFileType = image.png; path = praised.png; sourceTree = "<group>"; };
		4CF0AE741C3BC00200FE1911 /* JsenPraiseViewController.h */ = {isa = PBXFileReference; fileEncoding = 4; lastKnownFileType = sourcecode.c.h; path = JsenPraiseViewController.h; sourceTree = "<group>"; };
		4CF0AE751C3BC00200FE1911 /* JsenPraiseViewController.m */ = {isa = PBXFileReference; fileEncoding = 4; lastKnownFileType = sourcecode.c.objc; path = JsenPraiseViewController.m; sourceTree = "<group>"; };
		4CF0AE771C3BD1BF00FE1911 /* JsenPraiseTableViewCell.h */ = {isa = PBXFileReference; fileEncoding = 4; lastKnownFileType = sourcecode.c.h; path = JsenPraiseTableViewCell.h; sourceTree = "<group>"; };
		4CF0AE781C3BD1BF00FE1911 /* JsenPraiseTableViewCell.m */ = {isa = PBXFileReference; fileEncoding = 4; lastKnownFileType = sourcecode.c.objc; path = JsenPraiseTableViewCell.m; sourceTree = "<group>"; };
		6B6F4DC558A1C7E83B89927C /* Pods.debug.xcconfig */ = {isa = PBXFileReference; includeInIndex = 1; lastKnownFileType = text.xcconfig; name = Pods.debug.xcconfig; path = "Pods/Target Support Files/Pods/Pods.debug.xcconfig"; sourceTree = "<group>"; };
		F7F3BFD729C322E28AD1E5BB /* libPods.a */ = {isa = PBXFileReference; explicitFileType = archive.ar; includeInIndex = 0; path = libPods.a; sourceTree = BUILT_PRODUCTS_DIR; };
/* End PBXFileReference section */

/* Begin PBXFrameworksBuildPhase section */
		4C5672CC1C1FBACE00ABDAAA /* Frameworks */ = {
			isa = PBXFrameworksBuildPhase;
			buildActionMask = 2147483647;
			files = (
				4A3D4367B92555C186D5210A /* libPods.a in Frameworks */,
			);
			runOnlyForDeploymentPostprocessing = 0;
		};
		4C5672E51C1FBACE00ABDAAA /* Frameworks */ = {
			isa = PBXFrameworksBuildPhase;
			buildActionMask = 2147483647;
			files = (
			);
			runOnlyForDeploymentPostprocessing = 0;
		};
		4C5672F01C1FBACE00ABDAAA /* Frameworks */ = {
			isa = PBXFrameworksBuildPhase;
			buildActionMask = 2147483647;
			files = (
			);
			runOnlyForDeploymentPostprocessing = 0;
		};
/* End PBXFrameworksBuildPhase section */

/* Begin PBXGroup section */
		4C1D8A9F1C2289C100606E19 /* JsenProgressHUD */ = {
			isa = PBXGroup;
			children = (
				4C411B341C22C6FD0017870C /* error@2x.png */,
				4C411B351C22C6FD0017870C /* success@2x.png */,
				4C1D8AA21C2289EB00606E19 /* JsenProgressHUD.h */,
				4C1D8AA31C2289EB00606E19 /* JsenProgressHUD.m */,
			);
			path = JsenProgressHUD;
			sourceTree = "<group>";
		};
		4C4FF8561C3A0FB4004979A3 /* JumpView */ = {
			isa = PBXGroup;
			children = (
				4CF0AE701C3BA9E100FE1911 /* praise.png */,
				4CF0AE711C3BA9E100FE1911 /* praised.png */,
				4CF0AE6E1C3B987500FE1911 /* shadow.png */,
				4C4FF8571C3A0FEE004979A3 /* JsenJumpView.h */,
				4C4FF8581C3A0FEE004979A3 /* JsenJumpView.m */,
			);
			path = JumpView;
			sourceTree = "<group>";
		};
		4C5672C61C1FBACE00ABDAAA = {
			isa = PBXGroup;
			children = (
				4C5672D11C1FBACE00ABDAAA /* JsenProjectEncapsulation */,
				4C5672EB1C1FBACE00ABDAAA /* JsenProjectEncapsulationTests */,
				4C5672F61C1FBACE00ABDAAA /* JsenProjectEncapsulationUITests */,
				4C5672D01C1FBACE00ABDAAA /* Products */,
				5CAF7020BDDCB238756ECD4F /* Pods */,
				6922696A3DF5D71A7C1BAFA3 /* Frameworks */,
			);
			sourceTree = "<group>";
		};
		4C5672D01C1FBACE00ABDAAA /* Products */ = {
			isa = PBXGroup;
			children = (
				4C5672CF1C1FBACE00ABDAAA /* JsenProjectEncapsulation.app */,
				4C5672E81C1FBACE00ABDAAA /* JsenProjectEncapsulationTests.xctest */,
				4C5672F31C1FBACE00ABDAAA /* JsenProjectEncapsulationUITests.xctest */,
			);
			name = Products;
			sourceTree = "<group>";
		};
		4C5672D11C1FBACE00ABDAAA /* JsenProjectEncapsulation */ = {
			isa = PBXGroup;
			children = (
				4C5673051C1FBB4900ABDAAA /* codes */,
				4C5673121C1FBB4900ABDAAA /* JsenKit */,
				4C5673461C1FBB4900ABDAAA /* Resource */,
				4C5672D51C1FBACE00ABDAAA /* AppDelegate.h */,
				4C5672D61C1FBACE00ABDAAA /* AppDelegate.m */,
				4C5672D81C1FBACE00ABDAAA /* ViewController.h */,
				4C5672D91C1FBACE00ABDAAA /* ViewController.m */,
				4C5672DB1C1FBACE00ABDAAA /* Main.storyboard */,
				4C5672DE1C1FBACE00ABDAAA /* Assets.xcassets */,
				4C5672E01C1FBACE00ABDAAA /* LaunchScreen.storyboard */,
				4C5672E31C1FBACE00ABDAAA /* Info.plist */,
				4C5672D21C1FBACE00ABDAAA /* Supporting Files */,
			);
			path = JsenProjectEncapsulation;
			sourceTree = "<group>";
		};
		4C5672D21C1FBACE00ABDAAA /* Supporting Files */ = {
			isa = PBXGroup;
			children = (
				4C5672D31C1FBACE00ABDAAA /* main.m */,
			);
			name = "Supporting Files";
			sourceTree = "<group>";
		};
		4C5672EB1C1FBACE00ABDAAA /* JsenProjectEncapsulationTests */ = {
			isa = PBXGroup;
			children = (
				4C5672EC1C1FBACE00ABDAAA /* JsenProjectEncapsulationTests.m */,
				4C5672EE1C1FBACE00ABDAAA /* Info.plist */,
			);
			path = JsenProjectEncapsulationTests;
			sourceTree = "<group>";
		};
		4C5672F61C1FBACE00ABDAAA /* JsenProjectEncapsulationUITests */ = {
			isa = PBXGroup;
			children = (
				4C5672F71C1FBACE00ABDAAA /* JsenProjectEncapsulationUITests.m */,
				4C5672F91C1FBACE00ABDAAA /* Info.plist */,
			);
			path = JsenProjectEncapsulationUITests;
			sourceTree = "<group>";
		};
		4C5673051C1FBB4900ABDAAA /* codes */ = {
			isa = PBXGroup;
			children = (
				4C5673061C1FBB4900ABDAAA /* part1 */,
				4C5673091C1FBB4900ABDAAA /* part2 */,
				4C56730C1C1FBB4900ABDAAA /* part3 */,
				4C56730F1C1FBB4900ABDAAA /* part4 */,
			);
			path = codes;
			sourceTree = "<group>";
		};
		4C5673061C1FBB4900ABDAAA /* part1 */ = {
			isa = PBXGroup;
			children = (
				4C5673071C1FBB4900ABDAAA /* JsenHomeViewController.h */,
				4C5673081C1FBB4900ABDAAA /* JsenHomeViewController.m */,
			);
			path = part1;
			sourceTree = "<group>";
		};
		4C5673091C1FBB4900ABDAAA /* part2 */ = {
			isa = PBXGroup;
			children = (
				4C56730A1C1FBB4900ABDAAA /* JsenFriendViewController.h */,
				4C56730B1C1FBB4900ABDAAA /* JsenFriendViewController.m */,
			);
			path = part2;
			sourceTree = "<group>";
		};
		4C56730C1C1FBB4900ABDAAA /* part3 */ = {
			isa = PBXGroup;
			children = (
				4C56730D1C1FBB4900ABDAAA /* JsenFoundViewController.h */,
				4C56730E1C1FBB4900ABDAAA /* JsenFoundViewController.m */,
				4CF0AE741C3BC00200FE1911 /* JsenPraiseViewController.h */,
				4CF0AE751C3BC00200FE1911 /* JsenPraiseViewController.m */,
				4CF0AE771C3BD1BF00FE1911 /* JsenPraiseTableViewCell.h */,
				4CF0AE781C3BD1BF00FE1911 /* JsenPraiseTableViewCell.m */,
			);
			path = part3;
			sourceTree = "<group>";
		};
		4C56730F1C1FBB4900ABDAAA /* part4 */ = {
			isa = PBXGroup;
			children = (
				4C5673101C1FBB4900ABDAAA /* JsenSettingViewController.h */,
				4C5673111C1FBB4900ABDAAA /* JsenSettingViewController.m */,
			);
			path = part4;
			sourceTree = "<group>";
		};
		4C5673121C1FBB4900ABDAAA /* JsenKit */ = {
			isa = PBXGroup;
			children = (
				4C5673131C1FBB4900ABDAAA /* Additions */,
				4C5673151C1FBB4900ABDAAA /* AppCofig */,
				4C56731B1C1FBB4900ABDAAA /* Category */,
				4C56731E1C1FBB4900ABDAAA /* CustomControl */,
				4C56732C1C1FBB4900ABDAAA /* Macros */,
				4C56732E1C1FBB4900ABDAAA /* MVC */,
				4C5673371C1FBB4900ABDAAA /* Networks */,
				4C5673431C1FBB4900ABDAAA /* Tools */,
			);
			path = JsenKit;
			sourceTree = "<group>";
		};
		4C5673131C1FBB4900ABDAAA /* Additions */ = {
			isa = PBXGroup;
			children = (
				4C5673141C1FBB4900ABDAAA /* JsenAddition.h */,
			);
			path = Additions;
			sourceTree = "<group>";
		};
		4C5673151C1FBB4900ABDAAA /* AppCofig */ = {
			isa = PBXGroup;
			children = (
				4C5673161C1FBB4900ABDAAA /* AppConfig.pch */,
				4C5673171C1FBB4900ABDAAA /* Common.h */,
				4C5673181C1FBB4900ABDAAA /* Fonts.h */,
				4C5673191C1FBB4900ABDAAA /* JsenAppConfig.h */,
				4C56731A1C1FBB4900ABDAAA /* Services.h */,
			);
			path = AppCofig;
			sourceTree = "<group>";
		};
		4C56731B1C1FBB4900ABDAAA /* Category */ = {
			isa = PBXGroup;
			children = (
				4C56731C1C1FBB4900ABDAAA /* NSDictionary+Expansion.h */,
				4C56731D1C1FBB4900ABDAAA /* NSDictionary+Expansion.m */,
				4CC11D401C2078CB00F897D0 /* UINavigationBar+Expansion.h */,
				4CC11D411C2078CB00F897D0 /* UINavigationBar+Expansion.m */,
				4CC11D471C2083EE00F897D0 /* UIImage+Expansion.h */,
				4CC11D481C2083EE00F897D0 /* UIImage+Expansion.m */,
				4CC11D4A1C21094A00F897D0 /* UINavigationItem+Expansion.h */,
				4CC11D4B1C21094A00F897D0 /* UINavigationItem+Expansion.m */,
				4CC11D4D1C2118B700F897D0 /* NSString+Expansion.h */,
				4CC11D4E1C2118B700F897D0 /* NSString+Expansion.m */,
			);
			path = Category;
			sourceTree = "<group>";
		};
		4C56731E1C1FBB4900ABDAAA /* CustomControl */ = {
			isa = PBXGroup;
			children = (
				4C4FF8561C3A0FB4004979A3 /* JumpView */,
				4CB5F4FE1C3395C80020982D /* TransitionAnimation */,
				4C1D8A9F1C2289C100606E19 /* JsenProgressHUD */,
				4CC11D431C20815D00F897D0 /* JsenNavigationBar */,
				4C56731F1C1FBB4900ABDAAA /* JsenTabBarController */,
			);
			path = CustomControl;
			sourceTree = "<group>";
		};
		4C56731F1C1FBB4900ABDAAA /* JsenTabBarController */ = {
			isa = PBXGroup;
			children = (
				4C5673201C1FBB4900ABDAAA /* JsenCustomTabBarView.h */,
				4C5673211C1FBB4900ABDAAA /* JsenCustomTabBarView.m */,
				4C5673221C1FBB4900ABDAAA /* JsenTabBarController.h */,
				4C5673231C1FBB4900ABDAAA /* JsenTabBarController.m */,
				4C5673241C1FBB4900ABDAAA /* JsenTabBarControllerMgr.h */,
				4C5673251C1FBB4900ABDAAA /* JsenTabBarControllerMgr.m */,
				4C5673261C1FBB4900ABDAAA /* JsenTabBarItem.h */,
				4C5673271C1FBB4900ABDAAA /* JsenTabBarItem.m */,
				4C5673281C1FBB4900ABDAAA /* JsenTabBarItemAttribute.h */,
				4C5673291C1FBB4900ABDAAA /* JsenTabBarItemAttribute.m */,
				4C56732A1C1FBB4900ABDAAA /* JsenTabBarItemMgr.h */,
				4C56732B1C1FBB4900ABDAAA /* JsenTabBarItemMgr.m */,
				4C3E66911C2026B600CDE5D9 /* JsenTabBarConfig.h */,
			);
			path = JsenTabBarController;
			sourceTree = "<group>";
		};
		4C56732C1C1FBB4900ABDAAA /* Macros */ = {
			isa = PBXGroup;
			children = (
				4C56732D1C1FBB4900ABDAAA /* JsenLog.h */,
			);
			path = Macros;
			sourceTree = "<group>";
		};
		4C56732E1C1FBB4900ABDAAA /* MVC */ = {
			isa = PBXGroup;
			children = (
				4C56732F1C1FBB4900ABDAAA /* JsenBaseModel.h */,
				4C5673301C1FBB4900ABDAAA /* JsenBaseModel.m */,
				4C5673311C1FBB4900ABDAAA /* JsenBaseView.h */,
				4C5673321C1FBB4900ABDAAA /* JsenBaseView.m */,
				4C5673331C1FBB4900ABDAAA /* JsenBaseViewController.h */,
				4C5673341C1FBB4900ABDAAA /* JsenBaseViewController.m */,
			);
			path = MVC;
			sourceTree = "<group>";
		};
		4C5673371C1FBB4900ABDAAA /* Networks */ = {
			isa = PBXGroup;
			children = (
				4C531FDF1CB6581C00406387 /* JsenRequestClient.h */,
				4C531FE01CB6581C00406387 /* JsenRequestClient.m */,
				4C531FDC1CB6571A00406387 /* JsenRequestResponseSelectors.h */,
				4C531FDD1CB6571A00406387 /* JsenRequestResponseSelectors.m */,
				4C5673381C1FBB4900ABDAAA /* JsenNetworkMonitor.h */,
				4C5673391C1FBB4900ABDAAA /* JsenNetworkMonitor.m */,
				4C56733A1C1FBB4900ABDAAA /* JsenRequest.h */,
				4C56733B1C1FBB4900ABDAAA /* JsenRequest.m */,
				4C56733C1C1FBB4900ABDAAA /* JsenRequestProtocol.h */,
				4C56733D1C1FBB4900ABDAAA /* JsenRequestResponseFailure.h */,
				4C56733E1C1FBB4900ABDAAA /* JsenRequestResponseFailure.m */,
				4C56733F1C1FBB4900ABDAAA /* JsenRequestResponseSuccess.h */,
				4C5673401C1FBB4900ABDAAA /* JsenRequestResponseSuccess.m */,
				4C5673411C1FBB4900ABDAAA /* Reachability.h */,
				4C5673421C1FBB4900ABDAAA /* Reachability.m */,
				4C531FD61CB63F6500406387 /* JsenRequestParamsModel.h */,
				4C531FD71CB63F6500406387 /* JsenRequestParamsModel.m */,
				4C531FD91CB6476300406387 /* JsenRequestParamsModelManager.h */,
				4C531FDA1CB6476300406387 /* JsenRequestParamsModelManager.m */,
			);
			path = Networks;
			sourceTree = "<group>";
		};
		4C5673431C1FBB4900ABDAAA /* Tools */ = {
			isa = PBXGroup;
			children = (
				4C5673441C1FBB4900ABDAAA /* JsenValidationKit.h */,
				4C5673451C1FBB4900ABDAAA /* JsenValidationKit.m */,
				4CC11D501C21313600F897D0 /* JsenFrameKit.h */,
				4CC11D511C21313600F897D0 /* JsenFrameKit.m */,
			);
			path = Tools;
			sourceTree = "<group>";
		};
		4C5673461C1FBB4900ABDAAA /* Resource */ = {
			isa = PBXGroup;
			children = (
				4CB5F5091C33B9C70020982D /* logo.png */,
				4C5673471C1FBB4900ABDAAA /* Test */,
			);
			path = Resource;
			sourceTree = "<group>";
		};
		4C5673471C1FBB4900ABDAAA /* Test */ = {
			isa = PBXGroup;
			children = (
				4CDEA6E71CB669CE003EB214 /* JsenLoginModel.h */,
				4CDEA6E81CB669CE003EB214 /* JsenLoginModel.m */,
				4C5673481C1FBB4900ABDAAA /* img_avatar.png */,
				4C5673491C1FBB4900ABDAAA /* JsenModel.h */,
				4C56734A1C1FBB4900ABDAAA /* JsenModel.m */,
				4C56734B1C1FBB4900ABDAAA /* JsenModel2.h */,
				4C56734C1C1FBB4900ABDAAA /* JsenModel2.m */,
				4CDEA6EA1CB66B52003EB214 /* JsenMessageModel.h */,
				4CDEA6EB1CB66B52003EB214 /* JsenMessageModel.m */,
				4CDEA6ED1CB66B77003EB214 /* JsenVariablesModel.h */,
				4CDEA6EE1CB66B77003EB214 /* JsenVariablesModel.m */,
			);
			path = Test;
			sourceTree = "<group>";
		};
		4CB5F4FE1C3395C80020982D /* TransitionAnimation */ = {
			isa = PBXGroup;
			children = (
				4CB5F4FF1C3395C80020982D /* PingInvertTransition.h */,
				4CB5F5001C3395C80020982D /* PingInvertTransition.m */,
				4CB5F5011C3395C80020982D /* PingTransition.h */,
				4CB5F5021C3395C80020982D /* PingTransition.m */,
			);
			path = TransitionAnimation;
			sourceTree = "<group>";
		};
		4CC11D431C20815D00F897D0 /* JsenNavigationBar */ = {
			isa = PBXGroup;
			children = (
				4C560C521C25685800704287 /* jsen_titleview_placeholder.png */,
				4CC11D441C2081FE00F897D0 /* JsenTitleView.h */,
				4CC11D451C2081FE00F897D0 /* JsenTitleView.m */,
				4CC11D531C214C8600F897D0 /* JsenTitleViewAttribute.h */,
				4CC11D541C214C8600F897D0 /* JsenTitleViewAttribute.m */,
			);
			path = JsenNavigationBar;
			sourceTree = "<group>";
		};
		5CAF7020BDDCB238756ECD4F /* Pods */ = {
			isa = PBXGroup;
			children = (
				6B6F4DC558A1C7E83B89927C /* Pods.debug.xcconfig */,
				151C27F90F5F898C4C24A50D /* Pods.release.xcconfig */,
			);
			name = Pods;
			sourceTree = "<group>";
		};
		6922696A3DF5D71A7C1BAFA3 /* Frameworks */ = {
			isa = PBXGroup;
			children = (
				F7F3BFD729C322E28AD1E5BB /* libPods.a */,
			);
			name = Frameworks;
			sourceTree = "<group>";
		};
/* End PBXGroup section */

/* Begin PBXNativeTarget section */
		4C5672CE1C1FBACE00ABDAAA /* JsenProjectEncapsulation */ = {
			isa = PBXNativeTarget;
			buildConfigurationList = 4C5672FC1C1FBACE00ABDAAA /* Build configuration list for PBXNativeTarget "JsenProjectEncapsulation" */;
			buildPhases = (
				FB46808BF22902C9EBD4BF5B /* Check Pods Manifest.lock */,
				4C5672CB1C1FBACE00ABDAAA /* Sources */,
				4C5672CC1C1FBACE00ABDAAA /* Frameworks */,
				4C5672CD1C1FBACE00ABDAAA /* Resources */,
				12A76041BD2C06DCC62B48CC /* Embed Pods Frameworks */,
				A0E5BC2FD2804A73FC7F8F9B /* Copy Pods Resources */,
			);
			buildRules = (
			);
			dependencies = (
			);
			name = JsenProjectEncapsulation;
			productName = JsenProjectEncapsulation;
			productReference = 4C5672CF1C1FBACE00ABDAAA /* JsenProjectEncapsulation.app */;
			productType = "com.apple.product-type.application";
		};
		4C5672E71C1FBACE00ABDAAA /* JsenProjectEncapsulationTests */ = {
			isa = PBXNativeTarget;
			buildConfigurationList = 4C5672FF1C1FBACE00ABDAAA /* Build configuration list for PBXNativeTarget "JsenProjectEncapsulationTests" */;
			buildPhases = (
				4C5672E41C1FBACE00ABDAAA /* Sources */,
				4C5672E51C1FBACE00ABDAAA /* Frameworks */,
				4C5672E61C1FBACE00ABDAAA /* Resources */,
			);
			buildRules = (
			);
			dependencies = (
				4C5672EA1C1FBACE00ABDAAA /* PBXTargetDependency */,
			);
			name = JsenProjectEncapsulationTests;
			productName = JsenProjectEncapsulationTests;
			productReference = 4C5672E81C1FBACE00ABDAAA /* JsenProjectEncapsulationTests.xctest */;
			productType = "com.apple.product-type.bundle.unit-test";
		};
		4C5672F21C1FBACE00ABDAAA /* JsenProjectEncapsulationUITests */ = {
			isa = PBXNativeTarget;
			buildConfigurationList = 4C5673021C1FBACE00ABDAAA /* Build configuration list for PBXNativeTarget "JsenProjectEncapsulationUITests" */;
			buildPhases = (
				4C5672EF1C1FBACE00ABDAAA /* Sources */,
				4C5672F01C1FBACE00ABDAAA /* Frameworks */,
				4C5672F11C1FBACE00ABDAAA /* Resources */,
			);
			buildRules = (
			);
			dependencies = (
				4C5672F51C1FBACE00ABDAAA /* PBXTargetDependency */,
			);
			name = JsenProjectEncapsulationUITests;
			productName = JsenProjectEncapsulationUITests;
			productReference = 4C5672F31C1FBACE00ABDAAA /* JsenProjectEncapsulationUITests.xctest */;
			productType = "com.apple.product-type.bundle.ui-testing";
		};
/* End PBXNativeTarget section */

/* Begin PBXProject section */
		4C5672C71C1FBACE00ABDAAA /* Project object */ = {
			isa = PBXProject;
			attributes = {
				LastUpgradeCheck = 0710;
				ORGANIZATIONNAME = Jsen;
				TargetAttributes = {
					4C5672CE1C1FBACE00ABDAAA = {
						CreatedOnToolsVersion = 7.1.1;
					};
					4C5672E71C1FBACE00ABDAAA = {
						CreatedOnToolsVersion = 7.1.1;
						TestTargetID = 4C5672CE1C1FBACE00ABDAAA;
					};
					4C5672F21C1FBACE00ABDAAA = {
						CreatedOnToolsVersion = 7.1.1;
						TestTargetID = 4C5672CE1C1FBACE00ABDAAA;
					};
				};
			};
			buildConfigurationList = 4C5672CA1C1FBACE00ABDAAA /* Build configuration list for PBXProject "JsenProjectEncapsulation" */;
			compatibilityVersion = "Xcode 3.2";
			developmentRegion = English;
			hasScannedForEncodings = 0;
			knownRegions = (
				en,
				Base,
			);
			mainGroup = 4C5672C61C1FBACE00ABDAAA;
			productRefGroup = 4C5672D01C1FBACE00ABDAAA /* Products */;
			projectDirPath = "";
			projectRoot = "";
			targets = (
				4C5672CE1C1FBACE00ABDAAA /* JsenProjectEncapsulation */,
				4C5672E71C1FBACE00ABDAAA /* JsenProjectEncapsulationTests */,
				4C5672F21C1FBACE00ABDAAA /* JsenProjectEncapsulationUITests */,
			);
		};
/* End PBXProject section */

/* Begin PBXResourcesBuildPhase section */
		4C5672CD1C1FBACE00ABDAAA /* Resources */ = {
			isa = PBXResourcesBuildPhase;
			buildActionMask = 2147483647;
			files = (
				4C411B371C22C6FD0017870C /* success@2x.png in Resources */,
				4C5673621C1FBB4900ABDAAA /* img_avatar.png in Resources */,
				4C5672E21C1FBACE00ABDAAA /* LaunchScreen.storyboard in Resources */,
				4CF0AE721C3BA9E100FE1911 /* praise.png in Resources */,
				4C5672DF1C1FBACE00ABDAAA /* Assets.xcassets in Resources */,
				4C560C531C25685800704287 /* jsen_titleview_placeholder.png in Resources */,
				4CB5F50A1C33B9C70020982D /* logo.png in Resources */,
				4C411B361C22C6FD0017870C /* error@2x.png in Resources */,
				4CF0AE731C3BA9E100FE1911 /* praised.png in Resources */,
				4C5672DD1C1FBACE00ABDAAA /* Main.storyboard in Resources */,
				4CF0AE6F1C3B987500FE1911 /* shadow.png in Resources */,
			);
			runOnlyForDeploymentPostprocessing = 0;
		};
		4C5672E61C1FBACE00ABDAAA /* Resources */ = {
			isa = PBXResourcesBuildPhase;
			buildActionMask = 2147483647;
			files = (
			);
			runOnlyForDeploymentPostprocessing = 0;
		};
		4C5672F11C1FBACE00ABDAAA /* Resources */ = {
			isa = PBXResourcesBuildPhase;
			buildActionMask = 2147483647;
			files = (
			);
			runOnlyForDeploymentPostprocessing = 0;
		};
/* End PBXResourcesBuildPhase section */

/* Begin PBXShellScriptBuildPhase section */
		12A76041BD2C06DCC62B48CC /* Embed Pods Frameworks */ = {
			isa = PBXShellScriptBuildPhase;
			buildActionMask = 2147483647;
			files = (
			);
			inputPaths = (
			);
			name = "Embed Pods Frameworks";
			outputPaths = (
			);
			runOnlyForDeploymentPostprocessing = 0;
			shellPath = /bin/sh;
			shellScript = "\"${SRCROOT}/Pods/Target Support Files/Pods/Pods-frameworks.sh\"\n";
			showEnvVarsInLog = 0;
		};
		A0E5BC2FD2804A73FC7F8F9B /* Copy Pods Resources */ = {
			isa = PBXShellScriptBuildPhase;
			buildActionMask = 2147483647;
			files = (
			);
			inputPaths = (
			);
			name = "Copy Pods Resources";
			outputPaths = (
			);
			runOnlyForDeploymentPostprocessing = 0;
			shellPath = /bin/sh;
			shellScript = "\"${SRCROOT}/Pods/Target Support Files/Pods/Pods-resources.sh\"\n";
			showEnvVarsInLog = 0;
		};
		FB46808BF22902C9EBD4BF5B /* Check Pods Manifest.lock */ = {
			isa = PBXShellScriptBuildPhase;
			buildActionMask = 2147483647;
			files = (
			);
			inputPaths = (
			);
			name = "Check Pods Manifest.lock";
			outputPaths = (
			);
			runOnlyForDeploymentPostprocessing = 0;
			shellPath = /bin/sh;
			shellScript = "diff \"${PODS_ROOT}/../Podfile.lock\" \"${PODS_ROOT}/Manifest.lock\" > /dev/null\nif [[ $? != 0 ]] ; then\n    cat << EOM\nerror: The sandbox is not in sync with the Podfile.lock. Run 'pod install' or update your CocoaPods installation.\nEOM\n    exit 1\nfi\n";
			showEnvVarsInLog = 0;
		};
/* End PBXShellScriptBuildPhase section */

/* Begin PBXSourcesBuildPhase section */
		4C5672CB1C1FBACE00ABDAAA /* Sources */ = {
			isa = PBXSourcesBuildPhase;
			buildActionMask = 2147483647;
			files = (
				4C4FF8591C3A0FEE004979A3 /* JsenJumpView.m in Sources */,
				4C5673641C1FBB4900ABDAAA /* JsenModel2.m in Sources */,
				4C5672DA1C1FBACE00ABDAAA /* ViewController.m in Sources */,
				4C5673611C1FBB4900ABDAAA /* JsenValidationKit.m in Sources */,
				4C5672D71C1FBACE00ABDAAA /* AppDelegate.m in Sources */,
				4CC11D4C1C21094A00F897D0 /* UINavigationItem+Expansion.m in Sources */,
				4CDEA6EF1CB66B77003EB214 /* JsenVariablesModel.m in Sources */,
				4C5673511C1FBB4900ABDAAA /* NSDictionary+Expansion.m in Sources */,
				4C5673631C1FBB4900ABDAAA /* JsenModel.m in Sources */,
				4C5673531C1FBB4900ABDAAA /* JsenTabBarController.m in Sources */,
				4C5672D41C1FBACE00ABDAAA /* main.m in Sources */,
				4C56735D1C1FBB4900ABDAAA /* JsenRequest.m in Sources */,
				4C1D8AA41C2289EB00606E19 /* JsenProgressHUD.m in Sources */,
				4C56734D1C1FBB4900ABDAAA /* JsenHomeViewController.m in Sources */,
				4C5673551C1FBB4900ABDAAA /* JsenTabBarItem.m in Sources */,
				4CC11D521C21313600F897D0 /* JsenFrameKit.m in Sources */,
				4C531FDB1CB6476300406387 /* JsenRequestParamsModelManager.m in Sources */,
				4C531FE11CB6581C00406387 /* JsenRequestClient.m in Sources */,
				4C5673571C1FBB4900ABDAAA /* JsenTabBarItemMgr.m in Sources */,
				4C5673581C1FBB4900ABDAAA /* JsenBaseModel.m in Sources */,
				4C56735F1C1FBB4900ABDAAA /* JsenRequestResponseSuccess.m in Sources */,
				4C56734E1C1FBB4900ABDAAA /* JsenFriendViewController.m in Sources */,
				4CC11D461C2081FE00F897D0 /* JsenTitleView.m in Sources */,
				4CF0AE791C3BD1BF00FE1911 /* JsenPraiseTableViewCell.m in Sources */,
				4CC11D421C2078CB00F897D0 /* UINavigationBar+Expansion.m in Sources */,
				4C5673501C1FBB4900ABDAAA /* JsenSettingViewController.m in Sources */,
				4CF0AE761C3BC00200FE1911 /* JsenPraiseViewController.m in Sources */,
				4CC11D491C2083EE00F897D0 /* UIImage+Expansion.m in Sources */,
				4C531FD81CB63F6500406387 /* JsenRequestParamsModel.m in Sources */,
				4CDEA6E91CB669CE003EB214 /* JsenLoginModel.m in Sources */,
				4C5673541C1FBB4900ABDAAA /* JsenTabBarControllerMgr.m in Sources */,
				4C5673561C1FBB4900ABDAAA /* JsenTabBarItemAttribute.m in Sources */,
				4CDEA6EC1CB66B52003EB214 /* JsenMessageModel.m in Sources */,
				4C5673521C1FBB4900ABDAAA /* JsenCustomTabBarView.m in Sources */,
				4CB5F5031C3395C80020982D /* PingInvertTransition.m in Sources */,
				4C56734F1C1FBB4900ABDAAA /* JsenFoundViewController.m in Sources */,
				4C5673601C1FBB4900ABDAAA /* Reachability.m in Sources */,
				4CB5F5041C3395C80020982D /* PingTransition.m in Sources */,
				4C56735E1C1FBB4900ABDAAA /* JsenRequestResponseFailure.m in Sources */,
				4C56735C1C1FBB4900ABDAAA /* JsenNetworkMonitor.m in Sources */,
				4CC11D551C214C8600F897D0 /* JsenTitleViewAttribute.m in Sources */,
				4C5673591C1FBB4900ABDAAA /* JsenBaseView.m in Sources */,
				4C531FDE1CB6571A00406387 /* JsenRequestResponseSelectors.m in Sources */,
				4C56735A1C1FBB4900ABDAAA /* JsenBaseViewController.m in Sources */,
				4CC11D4F1C2118B700F897D0 /* NSString+Expansion.m in Sources */,
			);
			runOnlyForDeploymentPostprocessing = 0;
		};
		4C5672E41C1FBACE00ABDAAA /* Sources */ = {
			isa = PBXSourcesBuildPhase;
			buildActionMask = 2147483647;
			files = (
				4C5672ED1C1FBACE00ABDAAA /* JsenProjectEncapsulationTests.m in Sources */,
			);
			runOnlyForDeploymentPostprocessing = 0;
		};
		4C5672EF1C1FBACE00ABDAAA /* Sources */ = {
			isa = PBXSourcesBuildPhase;
			buildActionMask = 2147483647;
			files = (
				4C5672F81C1FBACE00ABDAAA /* JsenProjectEncapsulationUITests.m in Sources */,
			);
			runOnlyForDeploymentPostprocessing = 0;
		};
/* End PBXSourcesBuildPhase section */

/* Begin PBXTargetDependency section */
		4C5672EA1C1FBACE00ABDAAA /* PBXTargetDependency */ = {
			isa = PBXTargetDependency;
			target = 4C5672CE1C1FBACE00ABDAAA /* JsenProjectEncapsulation */;
			targetProxy = 4C5672E91C1FBACE00ABDAAA /* PBXContainerItemProxy */;
		};
		4C5672F51C1FBACE00ABDAAA /* PBXTargetDependency */ = {
			isa = PBXTargetDependency;
			target = 4C5672CE1C1FBACE00ABDAAA /* JsenProjectEncapsulation */;
			targetProxy = 4C5672F41C1FBACE00ABDAAA /* PBXContainerItemProxy */;
		};
/* End PBXTargetDependency section */

/* Begin PBXVariantGroup section */
		4C5672DB1C1FBACE00ABDAAA /* Main.storyboard */ = {
			isa = PBXVariantGroup;
			children = (
				4C5672DC1C1FBACE00ABDAAA /* Base */,
			);
			name = Main.storyboard;
			sourceTree = "<group>";
		};
		4C5672E01C1FBACE00ABDAAA /* LaunchScreen.storyboard */ = {
			isa = PBXVariantGroup;
			children = (
				4C5672E11C1FBACE00ABDAAA /* Base */,
			);
			name = LaunchScreen.storyboard;
			sourceTree = "<group>";
		};
/* End PBXVariantGroup section */

/* Begin XCBuildConfiguration section */
		4C5672FA1C1FBACE00ABDAAA /* Debug */ = {
			isa = XCBuildConfiguration;
			buildSettings = {
				ALWAYS_SEARCH_USER_PATHS = NO;
				CLANG_CXX_LANGUAGE_STANDARD = "gnu++0x";
				CLANG_CXX_LIBRARY = "libc++";
				CLANG_ENABLE_MODULES = YES;
				CLANG_ENABLE_OBJC_ARC = YES;
				CLANG_WARN_BOOL_CONVERSION = YES;
				CLANG_WARN_CONSTANT_CONVERSION = YES;
				CLANG_WARN_DIRECT_OBJC_ISA_USAGE = YES_ERROR;
				CLANG_WARN_EMPTY_BODY = YES;
				CLANG_WARN_ENUM_CONVERSION = YES;
				CLANG_WARN_INT_CONVERSION = YES;
				CLANG_WARN_OBJC_ROOT_CLASS = YES_ERROR;
				CLANG_WARN_UNREACHABLE_CODE = YES;
				CLANG_WARN__DUPLICATE_METHOD_MATCH = YES;
				"CODE_SIGN_IDENTITY[sdk=iphoneos*]" = "iPhone Developer";
				COPY_PHASE_STRIP = NO;
				DEBUG_INFORMATION_FORMAT = dwarf;
				ENABLE_STRICT_OBJC_MSGSEND = YES;
				ENABLE_TESTABILITY = YES;
				GCC_C_LANGUAGE_STANDARD = gnu99;
				GCC_DYNAMIC_NO_PIC = NO;
				GCC_NO_COMMON_BLOCKS = YES;
				GCC_OPTIMIZATION_LEVEL = 0;
				GCC_PREPROCESSOR_DEFINITIONS = (
					"DEBUG=1",
					"$(inherited)",
				);
				GCC_WARN_64_TO_32_BIT_CONVERSION = YES;
				GCC_WARN_ABOUT_RETURN_TYPE = YES_ERROR;
				GCC_WARN_UNDECLARED_SELECTOR = YES;
				GCC_WARN_UNINITIALIZED_AUTOS = YES_AGGRESSIVE;
				GCC_WARN_UNUSED_FUNCTION = YES;
				GCC_WARN_UNUSED_VARIABLE = YES;
				IPHONEOS_DEPLOYMENT_TARGET = 9.1;
				MTL_ENABLE_DEBUG_INFO = YES;
				ONLY_ACTIVE_ARCH = YES;
				SDKROOT = iphoneos;
				TARGETED_DEVICE_FAMILY = "1,2";
			};
			name = Debug;
		};
		4C5672FB1C1FBACE00ABDAAA /* Release */ = {
			isa = XCBuildConfiguration;
			buildSettings = {
				ALWAYS_SEARCH_USER_PATHS = NO;
				CLANG_CXX_LANGUAGE_STANDARD = "gnu++0x";
				CLANG_CXX_LIBRARY = "libc++";
				CLANG_ENABLE_MODULES = YES;
				CLANG_ENABLE_OBJC_ARC = YES;
				CLANG_WARN_BOOL_CONVERSION = YES;
				CLANG_WARN_CONSTANT_CONVERSION = YES;
				CLANG_WARN_DIRECT_OBJC_ISA_USAGE = YES_ERROR;
				CLANG_WARN_EMPTY_BODY = YES;
				CLANG_WARN_ENUM_CONVERSION = YES;
				CLANG_WARN_INT_CONVERSION = YES;
				CLANG_WARN_OBJC_ROOT_CLASS = YES_ERROR;
				CLANG_WARN_UNREACHABLE_CODE = YES;
				CLANG_WARN__DUPLICATE_METHOD_MATCH = YES;
				"CODE_SIGN_IDENTITY[sdk=iphoneos*]" = "iPhone Developer";
				COPY_PHASE_STRIP = NO;
				DEBUG_INFORMATION_FORMAT = "dwarf-with-dsym";
				ENABLE_NS_ASSERTIONS = NO;
				ENABLE_STRICT_OBJC_MSGSEND = YES;
				GCC_C_LANGUAGE_STANDARD = gnu99;
				GCC_NO_COMMON_BLOCKS = YES;
				GCC_WARN_64_TO_32_BIT_CONVERSION = YES;
				GCC_WARN_ABOUT_RETURN_TYPE = YES_ERROR;
				GCC_WARN_UNDECLARED_SELECTOR = YES;
				GCC_WARN_UNINITIALIZED_AUTOS = YES_AGGRESSIVE;
				GCC_WARN_UNUSED_FUNCTION = YES;
				GCC_WARN_UNUSED_VARIABLE = YES;
				IPHONEOS_DEPLOYMENT_TARGET = 9.1;
				MTL_ENABLE_DEBUG_INFO = NO;
				SDKROOT = iphoneos;
				TARGETED_DEVICE_FAMILY = "1,2";
				VALIDATE_PRODUCT = YES;
			};
			name = Release;
		};
		4C5672FD1C1FBACE00ABDAAA /* Debug */ = {
			isa = XCBuildConfiguration;
			baseConfigurationReference = 6B6F4DC558A1C7E83B89927C /* Pods.debug.xcconfig */;
			buildSettings = {
				ASSETCATALOG_COMPILER_APPICON_NAME = AppIcon;
				GCC_PREFIX_HEADER = "$(SRCROOT)/JsenProjectEncapsulation/JsenKit/AppCofig/AppConfig.pch";
				INFOPLIST_FILE = JsenProjectEncapsulation/Info.plist;
				LD_RUNPATH_SEARCH_PATHS = "$(inherited) @executable_path/Frameworks";
				PRODUCT_BUNDLE_IDENTIFIER = com.Jsen.JsenProjectEncapsulation;
				PRODUCT_NAME = "$(TARGET_NAME)";
				SKIP_INSTALL = NO;
			};
			name = Debug;
		};
		4C5672FE1C1FBACE00ABDAAA /* Release */ = {
			isa = XCBuildConfiguration;
			baseConfigurationReference = 151C27F90F5F898C4C24A50D /* Pods.release.xcconfig */;
			buildSettings = {
				ASSETCATALOG_COMPILER_APPICON_NAME = AppIcon;
				GCC_PREFIX_HEADER = "$(SRCROOT)/JsenProjectEncapsulation/JsenKit/AppCofig/AppConfig.pch";
				INFOPLIST_FILE = JsenProjectEncapsulation/Info.plist;
				LD_RUNPATH_SEARCH_PATHS = "$(inherited) @executable_path/Frameworks";
				PRODUCT_BUNDLE_IDENTIFIER = com.Jsen.JsenProjectEncapsulation;
				PRODUCT_NAME = "$(TARGET_NAME)";
				SKIP_INSTALL = NO;
			};
			name = Release;
		};
		4C5673001C1FBACE00ABDAAA /* Debug */ = {
			isa = XCBuildConfiguration;
			buildSettings = {
				BUNDLE_LOADER = "$(TEST_HOST)";
				INFOPLIST_FILE = JsenProjectEncapsulationTests/Info.plist;
				LD_RUNPATH_SEARCH_PATHS = "$(inherited) @executable_path/Frameworks @loader_path/Frameworks";
				PRODUCT_BUNDLE_IDENTIFIER = com.Jsen.JsenProjectEncapsulationTests;
				PRODUCT_NAME = "$(TARGET_NAME)";
				TEST_HOST = "$(BUILT_PRODUCTS_DIR)/JsenProjectEncapsulation.app/JsenProjectEncapsulation";
			};
			name = Debug;
		};
		4C5673011C1FBACE00ABDAAA /* Release */ = {
			isa = XCBuildConfiguration;
			buildSettings = {
				BUNDLE_LOADER = "$(TEST_HOST)";
				INFOPLIST_FILE = JsenProjectEncapsulationTests/Info.plist;
				LD_RUNPATH_SEARCH_PATHS = "$(inherited) @executable_path/Frameworks @loader_path/Frameworks";
				PRODUCT_BUNDLE_IDENTIFIER = com.Jsen.JsenProjectEncapsulationTests;
				PRODUCT_NAME = "$(TARGET_NAME)";
				TEST_HOST = "$(BUILT_PRODUCTS_DIR)/JsenProjectEncapsulation.app/JsenProjectEncapsulation";
			};
			name = Release;
		};
		4C5673031C1FBACE00ABDAAA /* Debug */ = {
			isa = XCBuildConfiguration;
			buildSettings = {
				INFOPLIST_FILE = JsenProjectEncapsulationUITests/Info.plist;
				LD_RUNPATH_SEARCH_PATHS = "$(inherited) @executable_path/Frameworks @loader_path/Frameworks";
				PRODUCT_BUNDLE_IDENTIFIER = com.Jsen.JsenProjectEncapsulationUITests;
				PRODUCT_NAME = "$(TARGET_NAME)";
				TEST_TARGET_NAME = JsenProjectEncapsulation;
				USES_XCTRUNNER = YES;
			};
			name = Debug;
		};
		4C5673041C1FBACE00ABDAAA /* Release */ = {
			isa = XCBuildConfiguration;
			buildSettings = {
				INFOPLIST_FILE = JsenProjectEncapsulationUITests/Info.plist;
				LD_RUNPATH_SEARCH_PATHS = "$(inherited) @executable_path/Frameworks @loader_path/Frameworks";
				PRODUCT_BUNDLE_IDENTIFIER = com.Jsen.JsenProjectEncapsulationUITests;
				PRODUCT_NAME = "$(TARGET_NAME)";
				TEST_TARGET_NAME = JsenProjectEncapsulation;
				USES_XCTRUNNER = YES;
			};
			name = Release;
		};
/* End XCBuildConfiguration section */

/* Begin XCConfigurationList section */
		4C5672CA1C1FBACE00ABDAAA /* Build configuration list for PBXProject "JsenProjectEncapsulation" */ = {
			isa = XCConfigurationList;
			buildConfigurations = (
				4C5672FA1C1FBACE00ABDAAA /* Debug */,
				4C5672FB1C1FBACE00ABDAAA /* Release */,
			);
			defaultConfigurationIsVisible = 0;
			defaultConfigurationName = Release;
		};
		4C5672FC1C1FBACE00ABDAAA /* Build configuration list for PBXNativeTarget "JsenProjectEncapsulation" */ = {
			isa = XCConfigurationList;
			buildConfigurations = (
				4C5672FD1C1FBACE00ABDAAA /* Debug */,
				4C5672FE1C1FBACE00ABDAAA /* Release */,
			);
			defaultConfigurationIsVisible = 0;
			defaultConfigurationName = Release;
		};
		4C5672FF1C1FBACE00ABDAAA /* Build configuration list for PBXNativeTarget "JsenProjectEncapsulationTests" */ = {
			isa = XCConfigurationList;
			buildConfigurations = (
				4C5673001C1FBACE00ABDAAA /* Debug */,
				4C5673011C1FBACE00ABDAAA /* Release */,
			);
			defaultConfigurationIsVisible = 0;
			defaultConfigurationName = Release;
		};
		4C5673021C1FBACE00ABDAAA /* Build configuration list for PBXNativeTarget "JsenProjectEncapsulationUITests" */ = {
			isa = XCConfigurationList;
			buildConfigurations = (
				4C5673031C1FBACE00ABDAAA /* Debug */,
				4C5673041C1FBACE00ABDAAA /* Release */,
			);
			defaultConfigurationIsVisible = 0;
			defaultConfigurationName = Release;
		};
/* End XCConfigurationList section */
	};
	rootObject = 4C5672C71C1FBACE00ABDAAA /* Project object */;
}
